
Microsoft Visual Studio Solution File, Format Version 12.00
# Visual Studio Version 17
VisualStudioVersion = 17.11.35312.102
MinimumVisualStudioVersion = 10.0.40219.1
Project("{FAE04EC0-301F-11D3-BF4B-00C04F79EFBC}") = "ContactList", "ContactList\ContactList.csproj", "{D60C6976-E110-49B4-A598-AD52FE2CF885}"
EndProject
Project("{FAE04EC0-301F-11D3-BF4B-00C04F79EFBC}") = "ContactList.Core", "ContactList.Core\ContactList.Core.csproj", "{B5300178-C1C9-4486-888D-4530258ACF88}"
EndProject
Project("{FAE04EC0-301F-11D3-BF4B-00C04F79EFBC}") = "ContactList.Infrastructure", "ContactList.Infrastructure\ContactList.Infrastructure.csproj", "{9B1793D9-124B-4FC6-B285-4687A2EF0B8B}"
EndProject
Global
	GlobalSection(SolutionConfigurationPlatforms) = preSolution
		Debug|Any CPU = Debug|Any CPU
		Release|Any CPU = Release|Any CPU
	EndGlobalSection
	GlobalSection(ProjectConfigurationPlatforms) = postSolution
		{D60C6976-E110-49B4-A598-AD52FE2CF885}.Debug|Any CPU.ActiveCfg = Debug|Any CPU
		{D60C6976-E110-49B4-A598-AD52FE2CF885}.Debug|Any CPU.Build.0 = Debug|Any CPU
		{D60C6976-E110-49B4-A598-AD52FE2CF885}.Release|Any CPU.ActiveCfg = Release|Any CPU
		{D60C6976-E110-49B4-A598-AD52FE2CF885}.Release|Any CPU.Build.0 = Release|Any CPU
		{B5300178-C1C9-4486-888D-4530258ACF88}.Debug|Any CPU.ActiveCfg = Debug|Any CPU
		{B5300178-C1C9-4486-888D-4530258ACF88}.Debug|Any CPU.Build.0 = Debug|Any CPU
		{B5300178-C1C9-4486-888D-4530258ACF88}.Release|Any CPU.ActiveCfg = Release|Any CPU
		{B5300178-C1C9-4486-888D-4530258ACF88}.Release|Any CPU.Build.0 = Release|Any CPU
		{9B1793D9-124B-4FC6-B285-4687A2EF0B8B}.Debug|Any CPU.ActiveCfg = Debug|Any CPU
		{9B1793D9-124B-4FC6-B285-4687A2EF0B8B}.Debug|Any CPU.Build.0 = Debug|Any CPU
		{9B1793D9-124B-4FC6-B285-4687A2EF0B8B}.Release|Any CPU.ActiveCfg = Release|Any CPU
		{9B1793D9-124B-4FC6-B285-4687A2EF0B8B}.Release|Any CPU.Build.0 = Release|Any CPU
	EndGlobalSection
	GlobalSection(SolutionProperties) = preSolution
		HideSolutionNode = FALSE
	EndGlobalSection
	GlobalSection(ExtensibilityGlobals) = postSolution
		SolutionGuid = {13850711-958C-44A6-A7BD-1CA6278BB919}
	EndGlobalSection
EndGlobal
